
Microsoft Visual Studio Solution File, Format Version 12.00
# Visual Studio Version 16
VisualStudioVersion = 16.0.30907.101
MinimumVisualStudioVersion = 10.0.40219.1
Project("{FAE04EC0-301F-11D3-BF4B-00C04F79EFBC}") = "GenerateToken.Api", "GenerateToken.Api\GenerateToken.Api.csproj", "{08B7E3E5-4AD3-4D4D-B21F-D8767C3F4D16}"
EndProject
Project("{FAE04EC0-301F-11D3-BF4B-00C04F79EFBC}") = "GenerateToken.Util", "GenerateToken.Util\GenerateToken.Util.csproj", "{768B492F-D9C5-4A7B-825C-19A89E72E1E9}"
EndProject
Project("{FAE04EC0-301F-11D3-BF4B-00C04F79EFBC}") = "GenerateToken.Entity", "GenerateToken.Entity\GenerateToken.Entity.csproj", "{A76E8178-B270-4122-AB95-585567C6E0EF}"
EndProject
Global
	GlobalSection(SolutionConfigurationPlatforms) = preSolution
		Debug|Any CPU = Debug|Any CPU
		Release|Any CPU = Release|Any CPU
	EndGlobalSection
	GlobalSection(ProjectConfigurationPlatforms) = postSolution
		{08B7E3E5-4AD3-4D4D-B21F-D8767C3F4D16}.Debug|Any CPU.ActiveCfg = Debug|Any CPU
		{08B7E3E5-4AD3-4D4D-B21F-D8767C3F4D16}.Debug|Any CPU.Build.0 = Debug|Any CPU
		{08B7E3E5-4AD3-4D4D-B21F-D8767C3F4D16}.Release|Any CPU.ActiveCfg = Release|Any CPU
		{08B7E3E5-4AD3-4D4D-B21F-D8767C3F4D16}.Release|Any CPU.Build.0 = Release|Any CPU
		{768B492F-D9C5-4A7B-825C-19A89E72E1E9}.Debug|Any CPU.ActiveCfg = Debug|Any CPU
		{768B492F-D9C5-4A7B-825C-19A89E72E1E9}.Debug|Any CPU.Build.0 = Debug|Any CPU
		{768B492F-D9C5-4A7B-825C-19A89E72E1E9}.Release|Any CPU.ActiveCfg = Release|Any CPU
		{768B492F-D9C5-4A7B-825C-19A89E72E1E9}.Release|Any CPU.Build.0 = Release|Any CPU
		{A76E8178-B270-4122-AB95-585567C6E0EF}.Debug|Any CPU.ActiveCfg = Debug|Any CPU
		{A76E8178-B270-4122-AB95-585567C6E0EF}.Debug|Any CPU.Build.0 = Debug|Any CPU
		{A76E8178-B270-4122-AB95-585567C6E0EF}.Release|Any CPU.ActiveCfg = Release|Any CPU
		{A76E8178-B270-4122-AB95-585567C6E0EF}.Release|Any CPU.Build.0 = Release|Any CPU
	EndGlobalSection
	GlobalSection(SolutionProperties) = preSolution
		HideSolutionNode = FALSE
	EndGlobalSection
	GlobalSection(ExtensibilityGlobals) = postSolution
		SolutionGuid = {86D8AF80-D53F-4DF6-AAE5-56562DBF4FE7}
	EndGlobalSection
EndGlobal
